// !$*UTF8*$!
{
	archiveVersion = 1;
	classes = {
	};
	objectVersion = 51;
	objects = {

/* Begin PBXBuildFile section */
		01DED85DC25274D8E10A8F75 /* Pods_MyPlacesApp.framework in Frameworks */ = {isa = PBXBuildFile; fileRef = 2E74FBE5CD0F51D949144958 /* Pods_MyPlacesApp.framework */; };
		D002EB8F252BD7D200392943 /* MapViewController.swift in Sources */ = {isa = PBXBuildFile; fileRef = D002EB8E252BD7D200392943 /* MapViewController.swift */; };
		D002EB97252E061700392943 /* MapManager.swift in Sources */ = {isa = PBXBuildFile; fileRef = D002EB96252E061700392943 /* MapManager.swift */; };
		D02D39DA25269A28001ECA66 /* StorageManager.swift in Sources */ = {isa = PBXBuildFile; fileRef = D02D39D925269A28001ECA66 /* StorageManager.swift */; };
		D049035B2514068F00067FAA /* AppDelegate.swift in Sources */ = {isa = PBXBuildFile; fileRef = D049035A2514068F00067FAA /* AppDelegate.swift */; };
		D049035D2514068F00067FAA /* SceneDelegate.swift in Sources */ = {isa = PBXBuildFile; fileRef = D049035C2514068F00067FAA /* SceneDelegate.swift */; };
		D04903622514068F00067FAA /* Main.storyboard in Resources */ = {isa = PBXBuildFile; fileRef = D04903602514068F00067FAA /* Main.storyboard */; };
		D04903642514069100067FAA /* Assets.xcassets in Resources */ = {isa = PBXBuildFile; fileRef = D04903632514069100067FAA /* Assets.xcassets */; };
		D04903672514069100067FAA /* LaunchScreen.storyboard in Resources */ = {isa = PBXBuildFile; fileRef = D04903652514069100067FAA /* LaunchScreen.storyboard */; };
		D049036F251418F300067FAA /* MainViewController.swift in Sources */ = {isa = PBXBuildFile; fileRef = D049036E251418F300067FAA /* MainViewController.swift */; };
		D0F024F225182383005BDE44 /* .gitignore in Resources */ = {isa = PBXBuildFile; fileRef = D0F024F125182383005BDE44 /* .gitignore */; };
		D0F024F42518E9C2005BDE44 /* CustomTableViewCell.swift in Sources */ = {isa = PBXBuildFile; fileRef = D0F024F32518E9C2005BDE44 /* CustomTableViewCell.swift */; };
		D0F024F625190646005BDE44 /* PlaceModel.swift in Sources */ = {isa = PBXBuildFile; fileRef = D0F024F525190646005BDE44 /* PlaceModel.swift */; };
		D0F024F825193019005BDE44 /* NewPlaceViewController.swift in Sources */ = {isa = PBXBuildFile; fileRef = D0F024F725193019005BDE44 /* NewPlaceViewController.swift */; };
		D0F43077252A876F00EF640B /* RatingControl.swift in Sources */ = {isa = PBXBuildFile; fileRef = D0F43076252A876E00EF640B /* RatingControl.swift */; };
/* End PBXBuildFile section */

/* Begin PBXFileReference section */
		0FCC7829DA18EE03D6F94690 /* Pods-MyPlacesApp.release.xcconfig */ = {isa = PBXFileReference; includeInIndex = 1; lastKnownFileType = text.xcconfig; name = "Pods-MyPlacesApp.release.xcconfig"; path = "Target Support Files/Pods-MyPlacesApp/Pods-MyPlacesApp.release.xcconfig"; sourceTree = "<group>"; };
		2E74FBE5CD0F51D949144958 /* Pods_MyPlacesApp.framework */ = {isa = PBXFileReference; explicitFileType = wrapper.framework; includeInIndex = 0; path = Pods_MyPlacesApp.framework; sourceTree = BUILT_PRODUCTS_DIR; };
		3793B05AFBBF06D57CCCD1CA /* Pods-MyPlacesApp.debug.xcconfig */ = {isa = PBXFileReference; includeInIndex = 1; lastKnownFileType = text.xcconfig; name = "Pods-MyPlacesApp.debug.xcconfig"; path = "Target Support Files/Pods-MyPlacesApp/Pods-MyPlacesApp.debug.xcconfig"; sourceTree = "<group>"; };
		D002EB8E252BD7D200392943 /* MapViewController.swift */ = {isa = PBXFileReference; lastKnownFileType = sourcecode.swift; path = MapViewController.swift; sourceTree = "<group>"; };
		D002EB96252E061700392943 /* MapManager.swift */ = {isa = PBXFileReference; lastKnownFileType = sourcecode.swift; path = MapManager.swift; sourceTree = "<group>"; };
		D02D39D925269A28001ECA66 /* StorageManager.swift */ = {isa = PBXFileReference; lastKnownFileType = sourcecode.swift; path = StorageManager.swift; sourceTree = "<group>"; };
		D04903572514068F00067FAA /* MyPlacesApp.app */ = {isa = PBXFileReference; explicitFileType = wrapper.application; includeInIndex = 0; path = MyPlacesApp.app; sourceTree = BUILT_PRODUCTS_DIR; };
		D049035A2514068F00067FAA /* AppDelegate.swift */ = {isa = PBXFileReference; lastKnownFileType = sourcecode.swift; path = AppDelegate.swift; sourceTree = "<group>"; };
		D049035C2514068F00067FAA /* SceneDelegate.swift */ = {isa = PBXFileReference; lastKnownFileType = sourcecode.swift; path = SceneDelegate.swift; sourceTree = "<group>"; };
		D04903612514068F00067FAA /* Base */ = {isa = PBXFileReference; lastKnownFileType = file.storyboard; name = Base; path = Base.lproj/Main.storyboard; sourceTree = "<group>"; };
		D04903632514069100067FAA /* Assets.xcassets */ = {isa = PBXFileReference; lastKnownFileType = folder.assetcatalog; path = Assets.xcassets; sourceTree = "<group>"; };
		D04903662514069100067FAA /* Base */ = {isa = PBXFileReference; lastKnownFileType = file.storyboard; name = Base; path = Base.lproj/LaunchScreen.storyboard; sourceTree = "<group>"; };
		D04903682514069100067FAA /* Info.plist */ = {isa = PBXFileReference; lastKnownFileType = text.plist.xml; path = Info.plist; sourceTree = "<group>"; };
		D049036E251418F300067FAA /* MainViewController.swift */ = {isa = PBXFileReference; lastKnownFileType = sourcecode.swift; path = MainViewController.swift; sourceTree = "<group>"; };
		D0F024F125182383005BDE44 /* .gitignore */ = {isa = PBXFileReference; lastKnownFileType = text; path = .gitignore; sourceTree = "<group>"; };
		D0F024F32518E9C2005BDE44 /* CustomTableViewCell.swift */ = {isa = PBXFileReference; lastKnownFileType = sourcecode.swift; path = CustomTableViewCell.swift; sourceTree = "<group>"; };
		D0F024F525190646005BDE44 /* PlaceModel.swift */ = {isa = PBXFileReference; lastKnownFileType = sourcecode.swift; path = PlaceModel.swift; sourceTree = "<group>"; };
		D0F024F725193019005BDE44 /* NewPlaceViewController.swift */ = {isa = PBXFileReference; lastKnownFileType = sourcecode.swift; path = NewPlaceViewController.swift; sourceTree = "<group>"; };
		D0F43076252A876E00EF640B /* RatingControl.swift */ = {isa = PBXFileReference; lastKnownFileType = sourcecode.swift; path = RatingControl.swift; sourceTree = "<group>"; };
/* End PBXFileReference section */

/* Begin PBXFrameworksBuildPhase section */
		D04903542514068F00067FAA /* Frameworks */ = {
			isa = PBXFrameworksBuildPhase;
			buildActionMask = 2147483647;
			files = (
				01DED85DC25274D8E10A8F75 /* Pods_MyPlacesApp.framework in Frameworks */,
			);
			runOnlyForDeploymentPostprocessing = 0;
		};
/* End PBXFrameworksBuildPhase section */

/* Begin PBXGroup section */
		9D09FE749BD0B4044BD491E2 /* Frameworks */ = {
			isa = PBXGroup;
			children = (
				2E74FBE5CD0F51D949144958 /* Pods_MyPlacesApp.framework */,
			);
			name = Frameworks;
			sourceTree = "<group>";
		};
		ADF74DC9DA862079A1A73762 /* Pods */ = {
			isa = PBXGroup;
			children = (
				3793B05AFBBF06D57CCCD1CA /* Pods-MyPlacesApp.debug.xcconfig */,
				0FCC7829DA18EE03D6F94690 /* Pods-MyPlacesApp.release.xcconfig */,
			);
			path = Pods;
			sourceTree = "<group>";
		};
		D002EB90252E053B00392943 /* Models */ = {
			isa = PBXGroup;
			children = (
				D0F024F525190646005BDE44 /* PlaceModel.swift */,
			);
			path = Models;
			sourceTree = "<group>";
		};
		D002EB91252E054B00392943 /* Helpers */ = {
			isa = PBXGroup;
			children = (
				D0F43076252A876E00EF640B /* RatingControl.swift */,
				D002EB96252E061700392943 /* MapManager.swift */,
				D02D39D925269A28001ECA66 /* StorageManager.swift */,
			);
			path = Helpers;
			sourceTree = "<group>";
		};
		D002EB92252E057400392943 /* ViewControllers */ = {
			isa = PBXGroup;
			children = (
				D049036E251418F300067FAA /* MainViewController.swift */,
				D0F024F725193019005BDE44 /* NewPlaceViewController.swift */,
				D002EB8E252BD7D200392943 /* MapViewController.swift */,
				D0F024F32518E9C2005BDE44 /* CustomTableViewCell.swift */,
			);
			path = ViewControllers;
			sourceTree = "<group>";
		};
		D002EB93252E059900392943 /* Supporting Files */ = {
			isa = PBXGroup;
			children = (
				D0F024F125182383005BDE44 /* .gitignore */,
				D04903682514069100067FAA /* Info.plist */,
				D04903632514069100067FAA /* Assets.xcassets */,
				D049035A2514068F00067FAA /* AppDelegate.swift */,
			);
			path = "Supporting Files";
			sourceTree = "<group>";
		};
		D002EB98252E0DBA00392943 /* Interface Builder */ = {
			isa = PBXGroup;
			children = (
				D04903602514068F00067FAA /* Main.storyboard */,
				D04903652514069100067FAA /* LaunchScreen.storyboard */,
			);
			path = "Interface Builder";
			sourceTree = "<group>";
		};
		D049034E2514068F00067FAA = {
			isa = PBXGroup;
			children = (
				D04903592514068F00067FAA /* MyPlacesApp */,
				D04903582514068F00067FAA /* Products */,
				ADF74DC9DA862079A1A73762 /* Pods */,
				9D09FE749BD0B4044BD491E2 /* Frameworks */,
			);
			sourceTree = "<group>";
		};
		D04903582514068F00067FAA /* Products */ = {
			isa = PBXGroup;
			children = (
				D04903572514068F00067FAA /* MyPlacesApp.app */,
			);
			name = Products;
			sourceTree = "<group>";
		};
		D04903592514068F00067FAA /* MyPlacesApp */ = {
			isa = PBXGroup;
			children = (
				D002EB98252E0DBA00392943 /* Interface Builder */,
				D002EB90252E053B00392943 /* Models */,
				D002EB91252E054B00392943 /* Helpers */,
				D002EB92252E057400392943 /* ViewControllers */,
				D002EB93252E059900392943 /* Supporting Files */,
				D049035C2514068F00067FAA /* SceneDelegate.swift */,
			);
			path = MyPlacesApp;
			sourceTree = "<group>";
		};
/* End PBXGroup section */

/* Begin PBXNativeTarget section */
		D04903562514068F00067FAA /* MyPlacesApp */ = {
			isa = PBXNativeTarget;
			buildConfigurationList = D049036B2514069100067FAA /* Build configuration list for PBXNativeTarget "MyPlacesApp" */;
			buildPhases = (
				4C5DC25CD7701B0327075600 /* [CP] Check Pods Manifest.lock */,
				D04903532514068F00067FAA /* Sources */,
				D04903542514068F00067FAA /* Frameworks */,
				D04903552514068F00067FAA /* Resources */,
				53249C5B81C4BB5E40B13F3F /* [CP] Embed Pods Frameworks */,
			);
			buildRules = (
			);
			dependencies = (
			);
			name = MyPlacesApp;
			productName = MyPlacesApp;
			productReference = D04903572514068F00067FAA /* MyPlacesApp.app */;
			productType = "com.apple.product-type.application";
		};
/* End PBXNativeTarget section */

/* Begin PBXProject section */
		D049034F2514068F00067FAA /* Project object */ = {
			isa = PBXProject;
			attributes = {
				LastSwiftUpdateCheck = 1170;
				LastUpgradeCheck = 1170;
				ORGANIZATIONNAME = "Egor Mezhin";
				TargetAttributes = {
					D04903562514068F00067FAA = {
						CreatedOnToolsVersion = 11.7;
					};
				};
			};
			buildConfigurationList = D04903522514068F00067FAA /* Build configuration list for PBXProject "MyPlacesApp" */;
			compatibilityVersion = "Xcode 9.3";
			developmentRegion = en;
			hasScannedForEncodings = 0;
			knownRegions = (
				en,
				Base,
			);
			mainGroup = D049034E2514068F00067FAA;
			productRefGroup = D04903582514068F00067FAA /* Products */;
			projectDirPath = "";
			projectRoot = "";
			targets = (
				D04903562514068F00067FAA /* MyPlacesApp */,
			);
		};
/* End PBXProject section */

/* Begin PBXResourcesBuildPhase section */
		D04903552514068F00067FAA /* Resources */ = {
			isa = PBXResourcesBuildPhase;
			buildActionMask = 2147483647;
			files = (
				D0F024F225182383005BDE44 /* .gitignore in Resources */,
				D04903672514069100067FAA /* LaunchScreen.storyboard in Resources */,
				D04903642514069100067FAA /* Assets.xcassets in Resources */,
				D04903622514068F00067FAA /* Main.storyboard in Resources */,
			);
			runOnlyForDeploymentPostprocessing = 0;
		};
/* End PBXResourcesBuildPhase section */

/* Begin PBXShellScriptBuildPhase section */
		4C5DC25CD7701B0327075600 /* [CP] Check Pods Manifest.lock */ = {
			isa = PBXShellScriptBuildPhase;
			buildActionMask = 2147483647;
			files = (
			);
			inputFileListPaths = (
			);
			inputPaths = (
				"${PODS_PODFILE_DIR_PATH}/Podfile.lock",
				"${PODS_ROOT}/Manifest.lock",
			);
			name = "[CP] Check Pods Manifest.lock";
			outputFileListPaths = (
			);
			outputPaths = (
				"$(DERIVED_FILE_DIR)/Pods-MyPlacesApp-checkManifestLockResult.txt",
			);
			runOnlyForDeploymentPostprocessing = 0;
			shellPath = /bin/sh;
			shellScript = "diff \"${PODS_PODFILE_DIR_PATH}/Podfile.lock\" \"${PODS_ROOT}/Manifest.lock\" > /dev/null\nif [ $? != 0 ] ; then\n    # print error to STDERR\n    echo \"error: The sandbox is not in sync with the Podfile.lock. Run 'pod install' or update your CocoaPods installation.\" >&2\n    exit 1\nfi\n# This output is used by Xcode 'outputs' to avoid re-running this script phase.\necho \"SUCCESS\" > \"${SCRIPT_OUTPUT_FILE_0}\"\n";
			showEnvVarsInLog = 0;
		};
		53249C5B81C4BB5E40B13F3F /* [CP] Embed Pods Frameworks */ = {
			isa = PBXShellScriptBuildPhase;
			buildActionMask = 2147483647;
			files = (
			);
			inputFileListPaths = (
				"${PODS_ROOT}/Target Support Files/Pods-MyPlacesApp/Pods-MyPlacesApp-frameworks-${CONFIGURATION}-input-files.xcfilelist",
			);
			name = "[CP] Embed Pods Frameworks";
			outputFileListPaths = (
				"${PODS_ROOT}/Target Support Files/Pods-MyPlacesApp/Pods-MyPlacesApp-frameworks-${CONFIGURATION}-output-files.xcfilelist",
			);
			runOnlyForDeploymentPostprocessing = 0;
			shellPath = /bin/sh;
			shellScript = "\"${PODS_ROOT}/Target Support Files/Pods-MyPlacesApp/Pods-MyPlacesApp-frameworks.sh\"\n";
			showEnvVarsInLog = 0;
		};
/* End PBXShellScriptBuildPhase section */

/* Begin PBXSourcesBuildPhase section */
		D04903532514068F00067FAA /* Sources */ = {
			isa = PBXSourcesBuildPhase;
			buildActionMask = 2147483647;
			files = (
				D049036F251418F300067FAA /* MainViewController.swift in Sources */,
				D0F024F825193019005BDE44 /* NewPlaceViewController.swift in Sources */,
				D049035B2514068F00067FAA /* AppDelegate.swift in Sources */,
				D02D39DA25269A28001ECA66 /* StorageManager.swift in Sources */,
				D002EB8F252BD7D200392943 /* MapViewController.swift in Sources */,
				D0F43077252A876F00EF640B /* RatingControl.swift in Sources */,
				D002EB97252E061700392943 /* MapManager.swift in Sources */,
				D0F024F625190646005BDE44 /* PlaceModel.swift in Sources */,
				D0F024F42518E9C2005BDE44 /* CustomTableViewCell.swift in Sources */,
				D049035D2514068F00067FAA /* SceneDelegate.swift in Sources */,
			);
			runOnlyForDeploymentPostprocessing = 0;
		};
/* End PBXSourcesBuildPhase section */

/* Begin PBXVariantGroup section */
		D04903602514068F00067FAA /* Main.storyboard */ = {
			isa = PBXVariantGroup;
			children = (
				D04903612514068F00067FAA /* Base */,
			);
			name = Main.storyboard;
			sourceTree = "<group>";
		};
		D04903652514069100067FAA /* LaunchScreen.storyboard */ = {
			isa = PBXVariantGroup;
			children = (
				D04903662514069100067FAA /* Base */,
			);
			name = LaunchScreen.storyboard;
			sourceTree = "<group>";
		};
/* End PBXVariantGroup section */

/* Begin XCBuildConfiguration section */
		D04903692514069100067FAA /* Debug */ = {
			isa = XCBuildConfiguration;
			buildSettings = {
				ALWAYS_SEARCH_USER_PATHS = NO;
				CLANG_ANALYZER_NONNULL = YES;
				CLANG_ANALYZER_NUMBER_OBJECT_CONVERSION = YES_AGGRESSIVE;
				CLANG_CXX_LANGUAGE_STANDARD = "gnu++14";
				CLANG_CXX_LIBRARY = "libc++";
				CLANG_ENABLE_MODULES = YES;
				CLANG_ENABLE_OBJC_ARC = YES;
				CLANG_ENABLE_OBJC_WEAK = YES;
				CLANG_WARN_BLOCK_CAPTURE_AUTORELEASING = YES;
				CLANG_WARN_BOOL_CONVERSION = YES;
				CLANG_WARN_COMMA = YES;
				CLANG_WARN_CONSTANT_CONVERSION = YES;
				CLANG_WARN_DEPRECATED_OBJC_IMPLEMENTATIONS = YES;
				CLANG_WARN_DIRECT_OBJC_ISA_USAGE = YES_ERROR;
				CLANG_WARN_DOCUMENTATION_COMMENTS = YES;
				CLANG_WARN_EMPTY_BODY = YES;
				CLANG_WARN_ENUM_CONVERSION = YES;
				CLANG_WARN_INFINITE_RECURSION = YES;
				CLANG_WARN_INT_CONVERSION = YES;
				CLANG_WARN_NON_LITERAL_NULL_CONVERSION = YES;
				CLANG_WARN_OBJC_IMPLICIT_RETAIN_SELF = YES;
				CLANG_WARN_OBJC_LITERAL_CONVERSION = YES;
				CLANG_WARN_OBJC_ROOT_CLASS = YES_ERROR;
				CLANG_WARN_RANGE_LOOP_ANALYSIS = YES;
				CLANG_WARN_STRICT_PROTOTYPES = YES;
				CLANG_WARN_SUSPICIOUS_MOVE = YES;
				CLANG_WARN_UNGUARDED_AVAILABILITY = YES_AGGRESSIVE;
				CLANG_WARN_UNREACHABLE_CODE = YES;
				CLANG_WARN__DUPLICATE_METHOD_MATCH = YES;
				COPY_PHASE_STRIP = NO;
				DEBUG_INFORMATION_FORMAT = dwarf;
				ENABLE_STRICT_OBJC_MSGSEND = YES;
				ENABLE_TESTABILITY = YES;
				GCC_C_LANGUAGE_STANDARD = gnu11;
				GCC_DYNAMIC_NO_PIC = NO;
				GCC_NO_COMMON_BLOCKS = YES;
				GCC_OPTIMIZATION_LEVEL = 0;
				GCC_PREPROCESSOR_DEFINITIONS = (
					"DEBUG=1",
					"$(inherited)",
				);
				GCC_WARN_64_TO_32_BIT_CONVERSION = YES;
				GCC_WARN_ABOUT_RETURN_TYPE = YES_ERROR;
				GCC_WARN_UNDECLARED_SELECTOR = YES;
				GCC_WARN_UNINITIALIZED_AUTOS = YES_AGGRESSIVE;
				GCC_WARN_UNUSED_FUNCTION = YES;
				GCC_WARN_UNUSED_VARIABLE = YES;
				IPHONEOS_DEPLOYMENT_TARGET = 13.7;
				MTL_ENABLE_DEBUG_INFO = INCLUDE_SOURCE;
				MTL_FAST_MATH = YES;
				ONLY_ACTIVE_ARCH = YES;
				SDKROOT = iphoneos;
				SWIFT_ACTIVE_COMPILATION_CONDITIONS = DEBUG;
				SWIFT_OPTIMIZATION_LEVEL = "-Onone";
			};
			name = Debug;
		};
		D049036A2514069100067FAA /* Release */ = {
			isa = XCBuildConfiguration;
			buildSettings = {
				ALWAYS_SEARCH_USER_PATHS = NO;
				CLANG_ANALYZER_NONNULL = YES;
				CLANG_ANALYZER_NUMBER_OBJECT_CONVERSION = YES_AGGRESSIVE;
				CLANG_CXX_LANGUAGE_STANDARD = "gnu++14";
				CLANG_CXX_LIBRARY = "libc++";
				CLANG_ENABLE_MODULES = YES;
				CLANG_ENABLE_OBJC_ARC = YES;
				CLANG_ENABLE_OBJC_WEAK = YES;
				CLANG_WARN_BLOCK_CAPTURE_AUTORELEASING = YES;
				CLANG_WARN_BOOL_CONVERSION = YES;
				CLANG_WARN_COMMA = YES;
				CLANG_WARN_CONSTANT_CONVERSION = YES;
				CLANG_WARN_DEPRECATED_OBJC_IMPLEMENTATIONS = YES;
				CLANG_WARN_DIRECT_OBJC_ISA_USAGE = YES_ERROR;
				CLANG_WARN_DOCUMENTATION_COMMENTS = YES;
				CLANG_WARN_EMPTY_BODY = YES;
				CLANG_WARN_ENUM_CONVERSION = YES;
				CLANG_WARN_INFINITE_RECURSION = YES;
				CLANG_WARN_INT_CONVERSION = YES;
				CLANG_WARN_NON_LITERAL_NULL_CONVERSION = YES;
				CLANG_WARN_OBJC_IMPLICIT_RETAIN_SELF = YES;
				CLANG_WARN_OBJC_LITERAL_CONVERSION = YES;
				CLANG_WARN_OBJC_ROOT_CLASS = YES_ERROR;
				CLANG_WARN_RANGE_LOOP_ANALYSIS = YES;
				CLANG_WARN_STRICT_PROTOTYPES = YES;
				CLANG_WARN_SUSPICIOUS_MOVE = YES;
				CLANG_WARN_UNGUARDED_AVAILABILITY = YES_AGGRESSIVE;
				CLANG_WARN_UNREACHABLE_CODE = YES;
				CLANG_WARN__DUPLICATE_METHOD_MATCH = YES;
				COPY_PHASE_STRIP = NO;
				DEBUG_INFORMATION_FORMAT = "dwarf-with-dsym";
				ENABLE_NS_ASSERTIONS = NO;
				ENABLE_STRICT_OBJC_MSGSEND = YES;
				GCC_C_LANGUAGE_STANDARD = gnu11;
				GCC_NO_COMMON_BLOCKS = YES;
				GCC_WARN_64_TO_32_BIT_CONVERSION = YES;
				GCC_WARN_ABOUT_RETURN_TYPE = YES_ERROR;
				GCC_WARN_UNDECLARED_SELECTOR = YES;
				GCC_WARN_UNINITIALIZED_AUTOS = YES_AGGRESSIVE;
				GCC_WARN_UNUSED_FUNCTION = YES;
				GCC_WARN_UNUSED_VARIABLE = YES;
				IPHONEOS_DEPLOYMENT_TARGET = 13.7;
				MTL_ENABLE_DEBUG_INFO = NO;
				MTL_FAST_MATH = YES;
				SDKROOT = iphoneos;
				SWIFT_COMPILATION_MODE = wholemodule;
				SWIFT_OPTIMIZATION_LEVEL = "-O";
				VALIDATE_PRODUCT = YES;
			};
			name = Release;
		};
		D049036C2514069100067FAA /* Debug */ = {
			isa = XCBuildConfiguration;
			baseConfigurationReference = 3793B05AFBBF06D57CCCD1CA /* Pods-MyPlacesApp.debug.xcconfig */;
			buildSettings = {
				ASSETCATALOG_COMPILER_APPICON_NAME = AppIcon;
				CODE_SIGN_STYLE = Automatic;
				DEVELOPMENT_TEAM = YKJ7WX469T;
				INFOPLIST_FILE = "$(SRCROOT)/MyPlacesApp/Supporting Files/Info.plist";
				LD_RUNPATH_SEARCH_PATHS = (
					"$(inherited)",
					"@executable_path/Frameworks",
				);
				PRODUCT_BUNDLE_IDENTIFIER = com.egormezhin.MyPlacesApp;
				PRODUCT_NAME = "$(TARGET_NAME)";
				SWIFT_VERSION = 5.0;
				TARGETED_DEVICE_FAMILY = 1;
			};
			name = Debug;
		};
		D049036D2514069100067FAA /* Release */ = {
			isa = XCBuildConfiguration;
			baseConfigurationReference = 0FCC7829DA18EE03D6F94690 /* Pods-MyPlacesApp.release.xcconfig */;
			buildSettings = {
				ASSETCATALOG_COMPILER_APPICON_NAME = AppIcon;
				CODE_SIGN_STYLE = Automatic;
				DEVELOPMENT_TEAM = YKJ7WX469T;
				INFOPLIST_FILE = "$(SRCROOT)/MyPlacesApp/Supporting Files/Info.plist";
				LD_RUNPATH_SEARCH_PATHS = (
					"$(inherited)",
					"@executable_path/Frameworks",
				);
				PRODUCT_BUNDLE_IDENTIFIER = com.egormezhin.MyPlacesApp;
				PRODUCT_NAME = "$(TARGET_NAME)";
				SWIFT_VERSION = 5.0;
				TARGETED_DEVICE_FAMILY = 1;
			};
			name = Release;
		};
/* End XCBuildConfiguration section */

/* Begin XCConfigurationList section */
		D04903522514068F00067FAA /* Build configuration list for PBXProject "MyPlacesApp" */ = {
			isa = XCConfigurationList;
			buildConfigurations = (
				D04903692514069100067FAA /* Debug */,
				D049036A2514069100067FAA /* Release */,
			);
			defaultConfigurationIsVisible = 0;
			defaultConfigurationName = Release;
		};
		D049036B2514069100067FAA /* Build configuration list for PBXNativeTarget "MyPlacesApp" */ = {
			isa = XCConfigurationList;
			buildConfigurations = (
				D049036C2514069100067FAA /* Debug */,
				D049036D2514069100067FAA /* Release */,
			);
			defaultConfigurationIsVisible = 0;
			defaultConfigurationName = Release;
		};
/* End XCConfigurationList section */
	};
	rootObject = D049034F2514068F00067FAA /* Project object */;
}
